
Microsoft Visual Studio Solution File, Format Version 12.00
# Visual Studio Version 16
VisualStudioVersion = 16.0.31702.278
MinimumVisualStudioVersion = 10.0.40219.1
Project("{FAE04EC0-301F-11D3-BF4B-00C04F79EFBC}") = "WindowsFormsApp1", "WindowsFormsApp1\WindowsFormsApp1.csproj", "{24E53D5F-B4E2-45D4-938A-BDE51E07B1D0}"
EndProject
Project("{FAE04EC0-301F-11D3-BF4B-00C04F79EFBC}") = "ConsoleApp2", "..\ConsoleApp2\ConsoleApp2\ConsoleApp2.csproj", "{26450D56-A0DE-48EF-801E-E4CA0DD82715}"
EndProject
Global
	GlobalSection(SolutionConfigurationPlatforms) = preSolution
		Debug|Any CPU = Debug|Any CPU
		Release|Any CPU = Release|Any CPU
	EndGlobalSection
	GlobalSection(ProjectConfigurationPlatforms) = postSolution
		{24E53D5F-B4E2-45D4-938A-BDE51E07B1D0}.Debug|Any CPU.ActiveCfg = Debug|Any CPU
		{24E53D5F-B4E2-45D4-938A-BDE51E07B1D0}.Debug|Any CPU.Build.0 = Debug|Any CPU
		{24E53D5F-B4E2-45D4-938A-BDE51E07B1D0}.Release|Any CPU.ActiveCfg = Release|Any CPU
		{24E53D5F-B4E2-45D4-938A-BDE51E07B1D0}.Release|Any CPU.Build.0 = Release|Any CPU
		{26450D56-A0DE-48EF-801E-E4CA0DD82715}.Debug|Any CPU.ActiveCfg = Debug|Any CPU
		{26450D56-A0DE-48EF-801E-E4CA0DD82715}.Debug|Any CPU.Build.0 = Debug|Any CPU
		{26450D56-A0DE-48EF-801E-E4CA0DD82715}.Release|Any CPU.ActiveCfg = Release|Any CPU
		{26450D56-A0DE-48EF-801E-E4CA0DD82715}.Release|Any CPU.Build.0 = Release|Any CPU
	EndGlobalSection
	GlobalSection(SolutionProperties) = preSolution
		HideSolutionNode = FALSE
	EndGlobalSection
	GlobalSection(ExtensibilityGlobals) = postSolution
		SolutionGuid = {1E518145-3CED-466C-878F-87276A4B775A}
	EndGlobalSection
EndGlobal
